
Microsoft Visual Studio Solution File, Format Version 12.00
# Visual Studio 15
VisualStudioVersion = 15.0.28307.539
MinimumVisualStudioVersion = 10.0.40219.1
Project("{9A19103F-16F7-4668-BE54-9A1E7A4F7556}") = "VSContract.backend", "VSContract.backend\VSContract.backend.csproj", "{B23E1648-8BF7-495A-B162-C71D1534A6BC}"
EndProject
Global
	GlobalSection(SolutionConfigurationPlatforms) = preSolution
		Debug|Any CPU = Debug|Any CPU
		Release|Any CPU = Release|Any CPU
	EndGlobalSection
	GlobalSection(ProjectConfigurationPlatforms) = postSolution
		{B23E1648-8BF7-495A-B162-C71D1534A6BC}.Debug|Any CPU.ActiveCfg = Debug|Any CPU
		{B23E1648-8BF7-495A-B162-C71D1534A6BC}.Debug|Any CPU.Build.0 = Debug|Any CPU
		{B23E1648-8BF7-495A-B162-C71D1534A6BC}.Release|Any CPU.ActiveCfg = Release|Any CPU
		{B23E1648-8BF7-495A-B162-C71D1534A6BC}.Release|Any CPU.Build.0 = Release|Any CPU
	EndGlobalSection
	GlobalSection(SolutionProperties) = preSolution
		HideSolutionNode = FALSE
	EndGlobalSection
	GlobalSection(ExtensibilityGlobals) = postSolution
		SolutionGuid = {F9603AD7-3A4E-46F9-9D42-8A0BB3DC9784}
	EndGlobalSection
EndGlobal
